{
  "version": 4,
  "terraform_version": "1.15.8",
  "serial": 1,
  "lineage": "df7feebe-4315-4bb2-55eb-3860b8df5760",
  "outputs": {},
  "resources": [
    {
      "mode": "managed",
      "type": "local_file",
      "name": "ndsa",
      "provider": "provider[\"registry.terraform.io/hashicorp/local\"]",
      "instances": [
        {
          "schema_version": 0,
          "attributes": {
            "content": "NDSA Zero Trust SOC Project",
            "content_base64": null,
            "content_base64sha256": "kPP4JYY571vwaJ55WH0udsPE9GZwKPAA4yrYnEh3Ycc=",
            "content_base64sha512": "5cfvyCqAQJKnqWXhuAGv2SqQoUlACUfP5UB2QvxRgKSG9r1SN1kADDSY9WqqI/823BPCx/c/yJUAUnappEZddw==",
            "content_md5": "ee1ae427df14de6e76162e402466ad0b",
            "content_sha1": "7f299a0b7bb25db6079666d48341364fc0dd58e8",
            "content_sha256": "90f3f8258639ef5bf0689e79587d2e76c3c4f4667028f000e32ad89c487761c7",
            "content_sha512": "e5c7efc82a804092a7a965e1b801afd92a90a149400947cfe5407642fc5180a486f6bd523759000c3498f56aaa23ff36dc13c2c7f73fc895005276a9a4465d77",
            "directory_permission": "0777",
            "file_permission": "0777",
            "filename": "hello.txt",
            "id": "7f299a0b7bb25db6079666d48341364fc0dd58e8",
            "sensitive_content": null,
            "source": null
          },
          "sensitive_attributes": [
            [
              {
                "type": "get_attr",
                "value": "sensitive_content"
              }
            ]
          ],
          "identity_schema_version": 0
        }
      ]
    }
  ],
  "check_results": null
}
